
Microsoft Visual Studio Solution File, Format Version 12.00
# Visual Studio Version 16
VisualStudioVersion = 16.0.29905.134
MinimumVisualStudioVersion = 10.0.40219.1
Project("{FAE04EC0-301F-11D3-BF4B-00C04F79EFBC}") = "TPDojo1", "TPDojo1\TPDojo1.csproj", "{C52EC4B8-6290-4B44-8AAB-BA75B905B130}"
EndProject
Project("{FAE04EC0-301F-11D3-BF4B-00C04F79EFBC}") = "TPDojo1-BO", "TPDojo1-BO\TPDojo1-BO.csproj", "{0BBA0441-0AB7-4112-946B-521C9CEC7367}"
EndProject
Global
	GlobalSection(SolutionConfigurationPlatforms) = preSolution
		Debug|Any CPU = Debug|Any CPU
		Release|Any CPU = Release|Any CPU
	EndGlobalSection
	GlobalSection(ProjectConfigurationPlatforms) = postSolution
		{C52EC4B8-6290-4B44-8AAB-BA75B905B130}.Debug|Any CPU.ActiveCfg = Debug|Any CPU
		{C52EC4B8-6290-4B44-8AAB-BA75B905B130}.Debug|Any CPU.Build.0 = Debug|Any CPU
		{C52EC4B8-6290-4B44-8AAB-BA75B905B130}.Release|Any CPU.ActiveCfg = Release|Any CPU
		{C52EC4B8-6290-4B44-8AAB-BA75B905B130}.Release|Any CPU.Build.0 = Release|Any CPU
		{0BBA0441-0AB7-4112-946B-521C9CEC7367}.Debug|Any CPU.ActiveCfg = Debug|Any CPU
		{0BBA0441-0AB7-4112-946B-521C9CEC7367}.Debug|Any CPU.Build.0 = Debug|Any CPU
		{0BBA0441-0AB7-4112-946B-521C9CEC7367}.Release|Any CPU.ActiveCfg = Release|Any CPU
		{0BBA0441-0AB7-4112-946B-521C9CEC7367}.Release|Any CPU.Build.0 = Release|Any CPU
	EndGlobalSection
	GlobalSection(SolutionProperties) = preSolution
		HideSolutionNode = FALSE
	EndGlobalSection
	GlobalSection(ExtensibilityGlobals) = postSolution
		SolutionGuid = {F5359782-737F-4E32-86A0-B9F5DF644648}
	EndGlobalSection
EndGlobal
